<?xml version="1.0" encoding="UTF-8"?>
<Project ToolsVersion="15.0" xmlns="http://schemas.microsoft.com/developer/msbuild/2003">
  <ItemGroup>
    <ClCompile Include="C:\Users\Adam Yu\Desktop\AP0\mat\Driver\Driver.cpp">
      <Filter>Source Files</Filter>
    </ClCompile>
  </ItemGroup>
  <ItemGroup>
    <CustomBuild Include="C:\Users\Adam Yu\Desktop\AP0\mat\Driver\CMakeLists.txt" />
  </ItemGroup>
  <ItemGroup>
    <Filter Include="Source Files">
      <UniqueIdentifier>{B9BE6259-41D0-36A3-8456-4A5D5847DB3E}</UniqueIdentifier>
    </Filter>
  </ItemGroup>
</Project>
